{
  "name": "sherpa-profile",
  "version": "1.0.0",
  "lockfileVersion": 3,
  "requires": true,
  "packages": {
    "": {
      "name": "sherpa-profile",
      "version": "1.0.0",
      "dependencies": {
        "sherpa-onnx-node": "latest"
      }
    },
    "node_modules/sherpa-onnx-darwin-arm64": {
      "version": "1.12.28",
      "resolved": "https://registry.npmjs.org/sherpa-onnx-darwin-arm64/-/sherpa-onnx-darwin-arm64-1.12.28.tgz",
      "integrity": "sha512-QzKrJwZR9aOmz/X6i37e0p0XDCEAGS9AuLXD5SejQxyrwOc+8db+Qi7Y+IOKk7DUebpe1mTS4gAFEXk2JnSAAg==",
      "cpu": [
        "arm64"
      ],
      "license": "Apache-2.0",
      "optional": true,
      "os": [
        "darwin"
      ]
    },
    "node_modules/sherpa-onnx-darwin-x64": {
      "version": "1.12.28",
      "resolved": "https://registry.npmjs.org/sherpa-onnx-darwin-x64/-/sherpa-onnx-darwin-x64-1.12.28.tgz",
      "integrity": "sha512-YG5WNS/19zNS25TbG5HttsBaHWo97Mdoz4OLspyQ3EkM/XEZILz6M+Kt1/2NjZEuDKMlpgdjIyfANnBY2GYRZA==",
      "cpu": [
        "x64"
      ],
      "license": "Apache-2.0",
      "optional": true,
      "os": [
        "darwin"
      ]
    },
    "node_modules/sherpa-onnx-linux-arm64": {
      "version": "1.12.28",
      "resolved": "https://registry.npmjs.org/sherpa-onnx-linux-arm64/-/sherpa-onnx-linux-arm64-1.12.28.tgz",
      "integrity": "sha512-NeDVuNcSUmqye/fUlqogIDX/O8NVkD9423KTQt4E/EftwoiReHLQP4CbtGoL9wHhRAy+opCzw+ssMb/coB+TqA==",
      "cpu": [
        "arm64"
      ],
      "license": "Apache-2.0",
      "optional": true,
      "os": [
        "linux"
      ]
    },
    "node_modules/sherpa-onnx-linux-x64": {
      "version": "1.12.28",
      "resolved": "https://registry.npmjs.org/sherpa-onnx-linux-x64/-/sherpa-onnx-linux-x64-1.12.28.tgz",
      "integrity": "sha512-+7ZwpAqQYz5fjNQ13F9+sR11zKo6+HhOa1OvT+F4g4PjmoCS1o3YYQqT4JZuLeNRWAY6kKn4IXGWLx93K+OV7A==",
      "cpu": [
        "x64"
      ],
      "license": "Apache-2.0",
      "optional": true,
      "os": [
        "linux"
      ]
    },
    "node_modules/sherpa-onnx-node": {
      "version": "1.12.28",
      "resolved": "https://registry.npmjs.org/sherpa-onnx-node/-/sherpa-onnx-node-1.12.28.tgz",
      "integrity": "sha512-EHSB3EG6hKyXaTNh6GU/bwh6i3dncCH6ZCU2mScNzkxRbVStZ7QmNj0Oo4E9XrGGo9jX9pKg9MPHEPyjdK+ApA==",
      "license": "Apache-2.0",
      "optionalDependencies": {
        "sherpa-onnx-darwin-arm64": "^1.12.28",
        "sherpa-onnx-darwin-x64": "^1.12.28",
        "sherpa-onnx-linux-arm64": "^1.12.28",
        "sherpa-onnx-linux-x64": "^1.12.28",
        "sherpa-onnx-win-ia32": "^1.12.28",
        "sherpa-onnx-win-x64": "^1.12.28"
      }
    },
    "node_modules/sherpa-onnx-win-ia32": {
      "version": "1.12.28",
      "resolved": "https://registry.npmjs.org/sherpa-onnx-win-ia32/-/sherpa-onnx-win-ia32-1.12.28.tgz",
      "integrity": "sha512-C9bvyg3SuVGVVRCjPH3sKk9C1rYiihTO7C9EF1T9n1V7ABdr6VE2O/7HzzMeTx9B4kUaAIDQNUq52XFE5x8oWQ==",
      "cpu": [
        "ia32"
      ],
      "license": "Apache-2.0",
      "optional": true,
      "os": [
        "win32"
      ]
    },
    "node_modules/sherpa-onnx-win-x64": {
      "version": "1.12.28",
      "resolved": "https://registry.npmjs.org/sherpa-onnx-win-x64/-/sherpa-onnx-win-x64-1.12.28.tgz",
      "integrity": "sha512-p8vpdVUtPRuI9ksm2EnuabK9+r285m5ARYzZkCfvg9ia/TQAq8pVoOCOuUTbMteBSQRPOl9lamfOcg3Sy085yQ==",
      "cpu": [
        "x64"
      ],
      "license": "Apache-2.0",
      "optional": true,
      "os": [
        "win32"
      ]
    }
  }
}
