{
  "name": "sherpa-profile",
  "version": "1.0.0",
  "lockfileVersion": 3,
  "requires": true,
  "packages": {
    "": {
      "name": "sherpa-profile",
      "version": "1.0.0",
      "dependencies": {
        "sherpa-onnx": "latest"
      }
    },
    "node_modules/sherpa-onnx": {
      "version": "1.12.28",
      "resolved": "https://registry.npmjs.org/sherpa-onnx/-/sherpa-onnx-1.12.28.tgz",
      "integrity": "sha512-PaOuTCUA/Vh5o3zcq+z3j1Zpv2VlP7iubOgYoVODDyeFDicRxjskiEQqERdWEcpQUi6vh47q3A63bS7Y9FRHNg==",
      "license": "Apache-2.0"
    }
  }
}
